{
  "nodes": {
    "flake-compat": {
      "flake": false,
      "locked": {
        "lastModified": 1696426674,
        "narHash": "sha256-kvjfFW7WAETZlt09AgDn1MrtKzP7t90Vf7vypd3OL1U=",
        "owner": "edolstra",
        "repo": "flake-compat",
        "rev": "0f9255e01c2351cc7d116c072cb317785dd33b33",
        "type": "github"
      },
      "original": {
        "owner": "edolstra",
        "repo": "flake-compat",
        "type": "github"
      }
    },
    "nixpkgs": {
      "locked": {
        "lastModified": 1789998861,
        "narHash": "sha256-62XMQD4WLdMAfdT0/8gJmPH2dKeTw908ryNloAplTr8=",
        "owner": "NixOS",
        "repo": "nixpkgs",
        "rev": "1e8bc658fc985ef27ccd66d107d767b32bb7ef98",
        "type": "github"
      },
      "original": {
        "owner": "NixOS",
        "ref": "nixos-26.05",
        "repo": "nixpkgs",
        "type": "github"
      }
    },
    "root": {
      "inputs": {
        "nixpkgs": "nixpkgs",
        "ursula-overlay": "ursula-overlay",
        "zig-overlay": "zig-overlay"
      }
    },
    "rust-overlay": {
      "inputs": {
        "nixpkgs": [
          "ursula-overlay",
          "nixpkgs"
        ]
      },
      "locked": {
        "lastModified": 1790062494,
        "narHash": "sha256-Mds1vuoczq1fRm1rf+Iar8IKDBHNjOMo2JqqPWJUlng=",
        "owner": "oxalica",
        "repo": "rust-overlay",
        "rev": "b88764907c1b2de6c0e206d8d9d9634d91c81334",
        "type": "github"
      },
      "original": {
        "owner": "oxalica",
        "repo": "rust-overlay",
        "type": "github"
      }
    },
    "systems": {
      "flake": false,
      "locked": {
        "lastModified": 1681028828,
        "narHash": "sha256-Vy1rq5AaRuLzOxct8nz4T6wlgyUR7zLU309k9mBC768=",
        "owner": "nix-systems",
        "repo": "default",
        "rev": "da67096a3b9bf56a91d16901293e51ba5b49a27e",
        "type": "github"
      },
      "original": {
        "owner": "nix-systems",
        "repo": "default",
        "type": "github"
      }
    },
    "ursula-overlay": {
      "inputs": {
        "nixpkgs": [
          "nixpkgs"
        ],
        "rust-overlay": "rust-overlay"
      },
      "locked": {
        "lastModified": 1790102740,
        "narHash": "sha256-XsF5d7/nn+R2Nd5djQiyvdvH5jMNpfWOaob410/1Xbw=",
        "owner": "rupurt",
        "repo": "ursula-overlay",
        "rev": "c5b905d3f8a6020827415ea70cfabe91ad220a88",
        "type": "github"
      },
      "original": {
        "owner": "rupurt",
        "repo": "ursula-overlay",
        "type": "github"
      }
    },
    "zig-overlay": {
      "inputs": {
        "flake-compat": "flake-compat",
        "nixpkgs": [
          "nixpkgs"
        ],
        "systems": "systems"
      },
      "locked": {
        "lastModified": 1790038254,
        "narHash": "sha256-CBgYithppZEI8KncejrYrIxaGrnUgDdBwqPhHyOfPrg=",
        "owner": "mitchellh",
        "repo": "zig-overlay",
        "rev": "c9e8462481d217bee520e8d1dd93b5c45907e20d",
        "type": "github"
      },
      "original": {
        "owner": "mitchellh",
        "repo": "zig-overlay",
        "type": "github"
      }
    }
  },
  "root": "root",
  "version": 7
}
